// !$*UTF8*$!
{
	archiveVersion = 1;
	classes = {
	};
	objectVersion = 77;
	objects = {

/* Begin PBXContainerItemProxy section */
		6E6B00662F6176E700976D9F /* PBXContainerItemProxy */ = {
			isa = PBXContainerItemProxy;
			containerPortal = 6E6B00472F6176E600976D9F /* Project object */;
			proxyType = 1;
			remoteGlobalIDString = 6E6B004E2F6176E600976D9F;
			remoteInfo = FlamDecodingHaptic;
		};
		6E6B00702F6176E700976D9F /* PBXContainerItemProxy */ = {
			isa = PBXContainerItemProxy;
			containerPortal = 6E6B00472F6176E600976D9F /* Project object */;
			proxyType = 1;
			remoteGlobalIDString = 6E6B004E2F6176E600976D9F;
			remoteInfo = FlamDecodingHaptic;
		};
/* End PBXContainerItemProxy section */

/* Begin PBXFileReference section */
		6E6B004F2F6176E600976D9F /* FlamDecodingHaptic.app */ = {isa = PBXFileReference; explicitFileType = wrapper.application; includeInIndex = 0; path = FlamDecodingHaptic.app; sourceTree = BUILT_PRODUCTS_DIR; };
		6E6B00652F6176E700976D9F /* FlamDecodingHapticTests.xctest */ = {isa = PBXFileReference; explicitFileType = wrapper.cfbundle; includeInIndex = 0; path = FlamDecodingHapticTests.xctest; sourceTree = BUILT_PRODUCTS_DIR; };
		6E6B006F2F6176E700976D9F /* FlamDecodingHapticUITests.xctest */ = {isa = PBXFileReference; explicitFileType = wrapper.cfbundle; includeInIndex = 0; path = FlamDecodingHapticUITests.xctest; sourceTree = BUILT_PRODUCTS_DIR; };
/* End PBXFileReference section */

/* Begin PBXFileSystemSynchronizedBuildFileExceptionSet section */
		6E6B00772F6176E700976D9F /* Exceptions for "FlamDecodingHaptic" folder in "FlamDecodingHaptic" target */ = {
			isa = PBXFileSystemSynchronizedBuildFileExceptionSet;
			membershipExceptions = (
				Info.plist,
			);
			target = 6E6B004E2F6176E600976D9F /* FlamDecodingHaptic */;
		};
/* End PBXFileSystemSynchronizedBuildFileExceptionSet section */

/* Begin PBXFileSystemSynchronizedRootGroup section */
		6E6B00512F6176E600976D9F /* FlamDecodingHaptic */ = {
			isa = PBXFileSystemSynchronizedRootGroup;
			exceptions = (
				6E6B00772F6176E700976D9F /* Exceptions for "FlamDecodingHaptic" folder in "FlamDecodingHaptic" target */,
			);
			path = FlamDecodingHaptic;
			sourceTree = "<group>";
		};
		6E6B00682F6176E700976D9F /* FlamDecodingHapticTests */ = {
			isa = PBXFileSystemSynchronizedRootGroup;
			path = FlamDecodingHapticTests;
			sourceTree = "<group>";
		};
		6E6B00722F6176E700976D9F /* FlamDecodingHapticUITests */ = {
			isa = PBXFileSystemSynchronizedRootGroup;
			path = FlamDecodingHapticUITests;
			sourceTree = "<group>";
		};
/* End PBXFileSystemSynchronizedRootGroup section */

/* Begin PBXFrameworksBuildPhase section */
		6E6B004C2F6176E600976D9F /* Frameworks */ = {
			isa = PBXFrameworksBuildPhase;
			buildActionMask = 2147483647;
			files = (
			);
			runOnlyForDeploymentPostprocessing = 0;
		};
		6E6B00622F6176E700976D9F /* Frameworks */ = {
			isa = PBXFrameworksBuildPhase;
			buildActionMask = 2147483647;
			files = (
			);
			runOnlyForDeploymentPostprocessing = 0;
		};
		6E6B006C2F6176E700976D9F /* Frameworks */ = {
			isa = PBXFrameworksBuildPhase;
			buildActionMask = 2147483647;
			files = (
			);
			runOnlyForDeploymentPostprocessing = 0;
		};
/* End PBXFrameworksBuildPhase section */

/* Begin PBXGroup section */
		6E6B00462F6176E600976D9F = {
			isa = PBXGroup;
			children = (
				6E6B00512F6176E600976D9F /* FlamDecodingHaptic */,
				6E6B00682F6176E700976D9F /* FlamDecodingHapticTests */,
				6E6B00722F6176E700976D9F /* FlamDecodingHapticUITests */,
				6E6B00502F6176E600976D9F /* Products */,
			);
			sourceTree = "<group>";
		};
		6E6B00502F6176E600976D9F /* Products */ = {
			isa = PBXGroup;
			children = (
				6E6B004F2F6176E600976D9F /* FlamDecodingHaptic.app */,
				6E6B00652F6176E700976D9F /* FlamDecodingHapticTests.xctest */,
				6E6B006F2F6176E700976D9F /* FlamDecodingHapticUITests.xctest */,
			);
			name = Products;
			sourceTree = "<group>";
		};
/* End PBXGroup section */

/* Begin PBXNativeTarget section */
		6E6B004E2F6176E600976D9F /* FlamDecodingHaptic */ = {
			isa = PBXNativeTarget;
			buildConfigurationList = 6E6B00782F6176E700976D9F /* Build configuration list for PBXNativeTarget "FlamDecodingHaptic" */;
			buildPhases = (
				6E6B004B2F6176E600976D9F /* Sources */,
				6E6B004C2F6176E600976D9F /* Frameworks */,
				6E6B004D2F6176E600976D9F /* Resources */,
			);
			buildRules = (
			);
			dependencies = (
			);
			fileSystemSynchronizedGroups = (
				6E6B00512F6176E600976D9F /* FlamDecodingHaptic */,
			);
			name = FlamDecodingHaptic;
			packageProductDependencies = (
			);
			productName = FlamDecodingHaptic;
			productReference = 6E6B004F2F6176E600976D9F /* FlamDecodingHaptic.app */;
			productType = "com.apple.product-type.application";
		};
		6E6B00642F6176E700976D9F /* FlamDecodingHapticTests */ = {
			isa = PBXNativeTarget;
			buildConfigurationList = 6E6B007D2F6176E700976D9F /* Build configuration list for PBXNativeTarget "FlamDecodingHapticTests" */;
			buildPhases = (
				6E6B00612F6176E700976D9F /* Sources */,
				6E6B00622F6176E700976D9F /* Frameworks */,
				6E6B00632F6176E700976D9F /* Resources */,
			);
			buildRules = (
			);
			dependencies = (
				6E6B00672F6176E700976D9F /* PBXTargetDependency */,
			);
			fileSystemSynchronizedGroups = (
				6E6B00682F6176E700976D9F /* FlamDecodingHapticTests */,
			);
			name = FlamDecodingHapticTests;
			packageProductDependencies = (
			);
			productName = FlamDecodingHapticTests;
			productReference = 6E6B00652F6176E700976D9F /* FlamDecodingHapticTests.xctest */;
			productType = "com.apple.product-type.bundle.unit-test";
		};
		6E6B006E2F6176E700976D9F /* FlamDecodingHapticUITests */ = {
			isa = PBXNativeTarget;
			buildConfigurationList = 6E6B00802F6176E700976D9F /* Build configuration list for PBXNativeTarget "FlamDecodingHapticUITests" */;
			buildPhases = (
				6E6B006B2F6176E700976D9F /* Sources */,
				6E6B006C2F6176E700976D9F /* Frameworks */,
				6E6B006D2F6176E700976D9F /* Resources */,
			);
			buildRules = (
			);
			dependencies = (
				6E6B00712F6176E700976D9F /* PBXTargetDependency */,
			);
			fileSystemSynchronizedGroups = (
				6E6B00722F6176E700976D9F /* FlamDecodingHapticUITests */,
			);
			name = FlamDecodingHapticUITests;
			packageProductDependencies = (
			);
			productName = FlamDecodingHapticUITests;
			productReference = 6E6B006F2F6176E700976D9F /* FlamDecodingHapticUITests.xctest */;
			productType = "com.apple.product-type.bundle.ui-testing";
		};
/* End PBXNativeTarget section */

/* Begin PBXProject section */
		6E6B00472F6176E600976D9F /* Project object */ = {
			isa = PBXProject;
			attributes = {
				BuildIndependentTargetsInParallel = 1;
				LastSwiftUpdateCheck = 2620;
				LastUpgradeCheck = 2620;
				TargetAttributes = {
					6E6B004E2F6176E600976D9F = {
						CreatedOnToolsVersion = 26.2;
					};
					6E6B00642F6176E700976D9F = {
						CreatedOnToolsVersion = 26.2;
						TestTargetID = 6E6B004E2F6176E600976D9F;
					};
					6E6B006E2F6176E700976D9F = {
						CreatedOnToolsVersion = 26.2;
						TestTargetID = 6E6B004E2F6176E600976D9F;
					};
				};
			};
			buildConfigurationList = 6E6B004A2F6176E600976D9F /* Build configuration list for PBXProject "FlamDecodingHaptic" */;
			developmentRegion = en;
			hasScannedForEncodings = 0;
			knownRegions = (
				en,
				Base,
			);
			mainGroup = 6E6B00462F6176E600976D9F;
			minimizedProjectReferenceProxies = 1;
			preferredProjectObjectVersion = 77;
			productRefGroup = 6E6B00502F6176E600976D9F /* Products */;
			projectDirPath = "";
			projectRoot = "";
			targets = (
				6E6B004E2F6176E600976D9F /* FlamDecodingHaptic */,
				6E6B00642F6176E700976D9F /* FlamDecodingHapticTests */,
				6E6B006E2F6176E700976D9F /* FlamDecodingHapticUITests */,
			);
		};
/* End PBXProject section */

/* Begin PBXResourcesBuildPhase section */
		6E6B004D2F6176E600976D9F /* Resources */ = {
			isa = PBXResourcesBuildPhase;
			buildActionMask = 2147483647;
			files = (
			);
			runOnlyForDeploymentPostprocessing = 0;
		};
		6E6B00632F6176E700976D9F /* Resources */ = {
			isa = PBXResourcesBuildPhase;
			buildActionMask = 2147483647;
			files = (
			);
			runOnlyForDeploymentPostprocessing = 0;
		};
		6E6B006D2F6176E700976D9F /* Resources */ = {
			isa = PBXResourcesBuildPhase;
			buildActionMask = 2147483647;
			files = (
			);
			runOnlyForDeploymentPostprocessing = 0;
		};
/* End PBXResourcesBuildPhase section */

/* Begin PBXSourcesBuildPhase section */
		6E6B004B2F6176E600976D9F /* Sources */ = {
			isa = PBXSourcesBuildPhase;
			buildActionMask = 2147483647;
			files = (
			);
			runOnlyForDeploymentPostprocessing = 0;
		};
		6E6B00612F6176E700976D9F /* Sources */ = {
			isa = PBXSourcesBuildPhase;
			buildActionMask = 2147483647;
			files = (
			);
			runOnlyForDeploymentPostprocessing = 0;
		};
		6E6B006B2F6176E700976D9F /* Sources */ = {
			isa = PBXSourcesBuildPhase;
			buildActionMask = 2147483647;
			files = (
			);
			runOnlyForDeploymentPostprocessing = 0;
		};
/* End PBXSourcesBuildPhase section */

/* Begin PBXTargetDependency section */
		6E6B00672F6176E700976D9F /* PBXTargetDependency */ = {
			isa = PBXTargetDependency;
			target = 6E6B004E2F6176E600976D9F /* FlamDecodingHaptic */;
			targetProxy = 6E6B00662F6176E700976D9F /* PBXContainerItemProxy */;
		};
		6E6B00712F6176E700976D9F /* PBXTargetDependency */ = {
			isa = PBXTargetDependency;
			target = 6E6B004E2F6176E600976D9F /* FlamDecodingHaptic */;
			targetProxy = 6E6B00702F6176E700976D9F /* PBXContainerItemProxy */;
		};
/* End PBXTargetDependency section */

/* Begin XCBuildConfiguration section */
		6E6B00792F6176E700976D9F /* Debug */ = {
			isa = XCBuildConfiguration;
			buildSettings = {
				ASSETCATALOG_COMPILER_APPICON_NAME = AppIcon;
				ASSETCATALOG_COMPILER_GLOBAL_ACCENT_COLOR_NAME = AccentColor;
				CODE_SIGN_STYLE = Automatic;
				CURRENT_PROJECT_VERSION = 1;
				DEVELOPMENT_TEAM = K6FZYUHLAF;
				GENERATE_INFOPLIST_FILE = YES;
				INFOPLIST_FILE = FlamDecodingHaptic/Info.plist;
				INFOPLIST_KEY_UIApplicationSupportsIndirectInputEvents = YES;
				INFOPLIST_KEY_UILaunchStoryboardName = LaunchScreen;
				INFOPLIST_KEY_UIMainStoryboardFile = Main;
				INFOPLIST_KEY_UISupportedInterfaceOrientations_iPad = "UIInterfaceOrientationPortrait UIInterfaceOrientationPortraitUpsideDown UIInterfaceOrientationLandscapeLeft UIInterfaceOrientationLandscapeRight";
				INFOPLIST_KEY_UISupportedInterfaceOrientations_iPhone = "UIInterfaceOrientationPortrait UIInterfaceOrientationLandscapeLeft UIInterfaceOrientationLandscapeRight";
				LD_RUNPATH_SEARCH_PATHS = (
					"$(inherited)",
					"@executable_path/Frameworks",
				);
				MARKETING_VERSION = 1.0;
				PRODUCT_BUNDLE_IDENTIFIER = com.flam.FlamDecodingHaptic;
				PRODUCT_NAME = "$(TARGET_NAME)";
				STRING_CATALOG_GENERATE_SYMBOLS = YES;
				SWIFT_APPROACHABLE_CONCURRENCY = YES;
				SWIFT_DEFAULT_ACTOR_ISOLATION = MainActor;
				SWIFT_EMIT_LOC_STRINGS = YES;
				SWIFT_UPCOMING_FEATURE_MEMBER_IMPORT_VISIBILITY = YES;
				SWIFT_VERSION = 5.0;
				TARGETED_DEVICE_FAMILY = "1,2";
			};
			name = Debug;
		};
		6E6B007A2F6176E700976D9F /* Release */ = {
			isa = XCBuildConfiguration;
			buildSettings = {
				ASSETCATALOG_COMPILER_APPICON_NAME = AppIcon;
				ASSETCATALOG_COMPILER_GLOBAL_ACCENT_COLOR_NAME = AccentColor;
				CODE_SIGN_STYLE = Automatic;
				CURRENT_PROJECT_VERSION = 1;
				DEVELOPMENT_TEAM = K6FZYUHLAF;
				GENERATE_INFOPLIST_FILE = YES;
				INFOPLIST_FILE = FlamDecodingHaptic/Info.plist;
				INFOPLIST_KEY_UIApplicationSupportsIndirectInputEvents = YES;
				INFOPLIST_KEY_UILaunchStoryboardName = LaunchScreen;
				INFOPLIST_KEY_UIMainStoryboardFile = Main;
				INFOPLIST_KEY_UISupportedInterfaceOrientations_iPad = "UIInterfaceOrientationPortrait UIInterfaceOrientationPortraitUpsideDown UIInterfaceOrientationLandscapeLeft UIInterfaceOrientationLandscapeRight";
				INFOPLIST_KEY_UISupportedInterfaceOrientations_iPhone = "UIInterfaceOrientationPortrait UIInterfaceOrientationLandscapeLeft UIInterfaceOrientationLandscapeRight";
				LD_RUNPATH_SEARCH_PATHS = (
					"$(inherited)",
					"@executable_path/Frameworks",
				);
				MARKETING_VERSION = 1.0;
				PRODUCT_BUNDLE_IDENTIFIER = com.flam.FlamDecodingHaptic;
				PRODUCT_NAME = "$(TARGET_NAME)";
				STRING_CATALOG_GENERATE_SYMBOLS = YES;
				SWIFT_APPROACHABLE_CONCURRENCY = YES;
				SWIFT_DEFAULT_ACTOR_ISOLATION = MainActor;
				SWIFT_EMIT_LOC_STRINGS = YES;
				SWIFT_UPCOMING_FEATURE_MEMBER_IMPORT_VISIBILITY = YES;
				SWIFT_VERSION = 5.0;
				TARGETED_DEVICE_FAMILY = "1,2";
			};
			name = Release;
		};
		6E6B007B2F6176E700976D9F /* Debug */ = {
			isa = XCBuildConfiguration;
			buildSettings = {
				ALWAYS_SEARCH_USER_PATHS = NO;
				ASSETCATALOG_COMPILER_GENERATE_SWIFT_ASSET_SYMBOL_EXTENSIONS = YES;
				CLANG_ANALYZER_NONNULL = YES;
				CLANG_ANALYZER_NUMBER_OBJECT_CONVERSION = YES_AGGRESSIVE;
				CLANG_CXX_LANGUAGE_STANDARD = "gnu++20";
				CLANG_ENABLE_MODULES = YES;
				CLANG_ENABLE_OBJC_ARC = YES;
				CLANG_ENABLE_OBJC_WEAK = YES;
				CLANG_WARN_BLOCK_CAPTURE_AUTORELEASING = YES;
				CLANG_WARN_BOOL_CONVERSION = YES;
				CLANG_WARN_COMMA = YES;
				CLANG_WARN_CONSTANT_CONVERSION = YES;
				CLANG_WARN_DEPRECATED_OBJC_IMPLEMENTATIONS = YES;
				CLANG_WARN_DIRECT_OBJC_ISA_USAGE = YES_ERROR;
				CLANG_WARN_DOCUMENTATION_COMMENTS = YES;
				CLANG_WARN_EMPTY_BODY = YES;
				CLANG_WARN_ENUM_CONVERSION = YES;
				CLANG_WARN_INFINITE_RECURSION = YES;
				CLANG_WARN_INT_CONVERSION = YES;
				CLANG_WARN_NON_LITERAL_NULL_CONVERSION = YES;
				CLANG_WARN_OBJC_IMPLICIT_RETAIN_SELF = YES;
				CLANG_WARN_OBJC_LITERAL_CONVERSION = YES;
				CLANG_WARN_OBJC_ROOT_CLASS = YES_ERROR;
				CLANG_WARN_QUOTED_INCLUDE_IN_FRAMEWORK_HEADER = YES;
				CLANG_WARN_RANGE_LOOP_ANALYSIS = YES;
				CLANG_WARN_STRICT_PROTOTYPES = YES;
				CLANG_WARN_SUSPICIOUS_MOVE = YES;
				CLANG_WARN_UNGUARDED_AVAILABILITY = YES_AGGRESSIVE;
				CLANG_WARN_UNREACHABLE_CODE = YES;
				CLANG_WARN__DUPLICATE_METHOD_MATCH = YES;
				COPY_PHASE_STRIP = NO;
				DEBUG_INFORMATION_FORMAT = dwarf;
				DEVELOPMENT_TEAM = K6FZYUHLAF;
				ENABLE_STRICT_OBJC_MSGSEND = YES;
				ENABLE_TESTABILITY = YES;
				ENABLE_USER_SCRIPT_SANDBOXING = YES;
				GCC_C_LANGUAGE_STANDARD = gnu17;
				GCC_DYNAMIC_NO_PIC = NO;
				GCC_NO_COMMON_BLOCKS = YES;
				GCC_OPTIMIZATION_LEVEL = 0;
				GCC_PREPROCESSOR_DEFINITIONS = (
					"DEBUG=1",
					"$(inherited)",
				);
				GCC_WARN_64_TO_32_BIT_CONVERSION = YES;
				GCC_WARN_ABOUT_RETURN_TYPE = YES_ERROR;
				GCC_WARN_UNDECLARED_SELECTOR = YES;
				GCC_WARN_UNINITIALIZED_AUTOS = YES_AGGRESSIVE;
				GCC_WARN_UNUSED_FUNCTION = YES;
				GCC_WARN_UNUSED_VARIABLE = YES;
				IPHONEOS_DEPLOYMENT_TARGET = 26.2;
				LOCALIZATION_PREFERS_STRING_CATALOGS = YES;
				MTL_ENABLE_DEBUG_INFO = INCLUDE_SOURCE;
				MTL_FAST_MATH = YES;
				ONLY_ACTIVE_ARCH = YES;
				SDKROOT = iphoneos;
				SWIFT_ACTIVE_COMPILATION_CONDITIONS = "DEBUG $(inherited)";
				SWIFT_OPTIMIZATION_LEVEL = "-Onone";
			};
			name = Debug;
		};
		6E6B007C2F6176E700976D9F /* Release */ = {
			isa = XCBuildConfiguration;
			buildSettings = {
				ALWAYS_SEARCH_USER_PATHS = NO;
				ASSETCATALOG_COMPILER_GENERATE_SWIFT_ASSET_SYMBOL_EXTENSIONS = YES;
				CLANG_ANALYZER_NONNULL = YES;
				CLANG_ANALYZER_NUMBER_OBJECT_CONVERSION = YES_AGGRESSIVE;
				CLANG_CXX_LANGUAGE_STANDARD = "gnu++20";
				CLANG_ENABLE_MODULES = YES;
				CLANG_ENABLE_OBJC_ARC = YES;
				CLANG_ENABLE_OBJC_WEAK = YES;
				CLANG_WARN_BLOCK_CAPTURE_AUTORELEASING = YES;
				CLANG_WARN_BOOL_CONVERSION = YES;
				CLANG_WARN_COMMA = YES;
				CLANG_WARN_CONSTANT_CONVERSION = YES;
				CLANG_WARN_DEPRECATED_OBJC_IMPLEMENTATIONS = YES;
				CLANG_WARN_DIRECT_OBJC_ISA_USAGE = YES_ERROR;
				CLANG_WARN_DOCUMENTATION_COMMENTS = YES;
				CLANG_WARN_EMPTY_BODY = YES;
				CLANG_WARN_ENUM_CONVERSION = YES;
				CLANG_WARN_INFINITE_RECURSION = YES;
				CLANG_WARN_INT_CONVERSION = YES;
				CLANG_WARN_NON_LITERAL_NULL_CONVERSION = YES;
				CLANG_WARN_OBJC_IMPLICIT_RETAIN_SELF = YES;
				CLANG_WARN_OBJC_LITERAL_CONVERSION = YES;
				CLANG_WARN_OBJC_ROOT_CLASS = YES_ERROR;
				CLANG_WARN_QUOTED_INCLUDE_IN_FRAMEWORK_HEADER = YES;
				CLANG_WARN_RANGE_LOOP_ANALYSIS = YES;
				CLANG_WARN_STRICT_PROTOTYPES = YES;
				CLANG_WARN_SUSPICIOUS_MOVE = YES;
				CLANG_WARN_UNGUARDED_AVAILABILITY = YES_AGGRESSIVE;
				CLANG_WARN_UNREACHABLE_CODE = YES;
				CLANG_WARN__DUPLICATE_METHOD_MATCH = YES;
				COPY_PHASE_STRIP = NO;
				DEBUG_INFORMATION_FORMAT = "dwarf-with-dsym";
				DEVELOPMENT_TEAM = K6FZYUHLAF;
				ENABLE_NS_ASSERTIONS = NO;
				ENABLE_STRICT_OBJC_MSGSEND = YES;
				ENABLE_USER_SCRIPT_SANDBOXING = YES;
				GCC_C_LANGUAGE_STANDARD = gnu17;
				GCC_NO_COMMON_BLOCKS = YES;
				GCC_WARN_64_TO_32_BIT_CONVERSION = YES;
				GCC_WARN_ABOUT_RETURN_TYPE = YES_ERROR;
				GCC_WARN_UNDECLARED_SELECTOR = YES;
				GCC_WARN_UNINITIALIZED_AUTOS = YES_AGGRESSIVE;
				GCC_WARN_UNUSED_FUNCTION = YES;
				GCC_WARN_UNUSED_VARIABLE = YES;
				IPHONEOS_DEPLOYMENT_TARGET = 26.2;
				LOCALIZATION_PREFERS_STRING_CATALOGS = YES;
				MTL_ENABLE_DEBUG_INFO = NO;
				MTL_FAST_MATH = YES;
				SDKROOT = iphoneos;
				SWIFT_COMPILATION_MODE = wholemodule;
				VALIDATE_PRODUCT = YES;
			};
			name = Release;
		};
		6E6B007E2F6176E700976D9F /* Debug */ = {
			isa = XCBuildConfiguration;
			buildSettings = {
				BUNDLE_LOADER = "$(TEST_HOST)";
				CODE_SIGN_STYLE = Automatic;
				CURRENT_PROJECT_VERSION = 1;
				DEVELOPMENT_TEAM = K6FZYUHLAF;
				GENERATE_INFOPLIST_FILE = YES;
				IPHONEOS_DEPLOYMENT_TARGET = 26.2;
				MARKETING_VERSION = 1.0;
				PRODUCT_BUNDLE_IDENTIFIER = com.flam.FlamDecodingHapticTests;
				PRODUCT_NAME = "$(TARGET_NAME)";
				STRING_CATALOG_GENERATE_SYMBOLS = NO;
				SWIFT_APPROACHABLE_CONCURRENCY = YES;
				SWIFT_EMIT_LOC_STRINGS = NO;
				SWIFT_UPCOMING_FEATURE_MEMBER_IMPORT_VISIBILITY = YES;
				SWIFT_VERSION = 5.0;
				TARGETED_DEVICE_FAMILY = "1,2";
				TEST_HOST = "$(BUILT_PRODUCTS_DIR)/FlamDecodingHaptic.app/$(BUNDLE_EXECUTABLE_FOLDER_PATH)/FlamDecodingHaptic";
			};
			name = Debug;
		};
		6E6B007F2F6176E700976D9F /* Release */ = {
			isa = XCBuildConfiguration;
			buildSettings = {
				BUNDLE_LOADER = "$(TEST_HOST)";
				CODE_SIGN_STYLE = Automatic;
				CURRENT_PROJECT_VERSION = 1;
				DEVELOPMENT_TEAM = K6FZYUHLAF;
				GENERATE_INFOPLIST_FILE = YES;
				IPHONEOS_DEPLOYMENT_TARGET = 26.2;
				MARKETING_VERSION = 1.0;
				PRODUCT_BUNDLE_IDENTIFIER = com.flam.FlamDecodingHapticTests;
				PRODUCT_NAME = "$(TARGET_NAME)";
				STRING_CATALOG_GENERATE_SYMBOLS = NO;
				SWIFT_APPROACHABLE_CONCURRENCY = YES;
				SWIFT_EMIT_LOC_STRINGS = NO;
				SWIFT_UPCOMING_FEATURE_MEMBER_IMPORT_VISIBILITY = YES;
				SWIFT_VERSION = 5.0;
				TARGETED_DEVICE_FAMILY = "1,2";
				TEST_HOST = "$(BUILT_PRODUCTS_DIR)/FlamDecodingHaptic.app/$(BUNDLE_EXECUTABLE_FOLDER_PATH)/FlamDecodingHaptic";
			};
			name = Release;
		};
		6E6B00812F6176E700976D9F /* Debug */ = {
			isa = XCBuildConfiguration;
			buildSettings = {
				CODE_SIGN_STYLE = Automatic;
				CURRENT_PROJECT_VERSION = 1;
				DEVELOPMENT_TEAM = K6FZYUHLAF;
				GENERATE_INFOPLIST_FILE = YES;
				MARKETING_VERSION = 1.0;
				PRODUCT_BUNDLE_IDENTIFIER = com.flam.FlamDecodingHapticUITests;
				PRODUCT_NAME = "$(TARGET_NAME)";
				STRING_CATALOG_GENERATE_SYMBOLS = NO;
				SWIFT_APPROACHABLE_CONCURRENCY = YES;
				SWIFT_EMIT_LOC_STRINGS = NO;
				SWIFT_UPCOMING_FEATURE_MEMBER_IMPORT_VISIBILITY = YES;
				SWIFT_VERSION = 5.0;
				TARGETED_DEVICE_FAMILY = "1,2";
				TEST_TARGET_NAME = FlamDecodingHaptic;
			};
			name = Debug;
		};
		6E6B00822F6176E700976D9F /* Release */ = {
			isa = XCBuildConfiguration;
			buildSettings = {
				CODE_SIGN_STYLE = Automatic;
				CURRENT_PROJECT_VERSION = 1;
				DEVELOPMENT_TEAM = K6FZYUHLAF;
				GENERATE_INFOPLIST_FILE = YES;
				MARKETING_VERSION = 1.0;
				PRODUCT_BUNDLE_IDENTIFIER = com.flam.FlamDecodingHapticUITests;
				PRODUCT_NAME = "$(TARGET_NAME)";
				STRING_CATALOG_GENERATE_SYMBOLS = NO;
				SWIFT_APPROACHABLE_CONCURRENCY = YES;
				SWIFT_EMIT_LOC_STRINGS = NO;
				SWIFT_UPCOMING_FEATURE_MEMBER_IMPORT_VISIBILITY = YES;
				SWIFT_VERSION = 5.0;
				TARGETED_DEVICE_FAMILY = "1,2";
				TEST_TARGET_NAME = FlamDecodingHaptic;
			};
			name = Release;
		};
/* End XCBuildConfiguration section */

/* Begin XCConfigurationList section */
		6E6B004A2F6176E600976D9F /* Build configuration list for PBXProject "FlamDecodingHaptic" */ = {
			isa = XCConfigurationList;
			buildConfigurations = (
				6E6B007B2F6176E700976D9F /* Debug */,
				6E6B007C2F6176E700976D9F /* Release */,
			);
			defaultConfigurationIsVisible = 0;
			defaultConfigurationName = Release;
		};
		6E6B00782F6176E700976D9F /* Build configuration list for PBXNativeTarget "FlamDecodingHaptic" */ = {
			isa = XCConfigurationList;
			buildConfigurations = (
				6E6B00792F6176E700976D9F /* Debug */,
				6E6B007A2F6176E700976D9F /* Release */,
			);
			defaultConfigurationIsVisible = 0;
			defaultConfigurationName = Release;
		};
		6E6B007D2F6176E700976D9F /* Build configuration list for PBXNativeTarget "FlamDecodingHapticTests" */ = {
			isa = XCConfigurationList;
			buildConfigurations = (
				6E6B007E2F6176E700976D9F /* Debug */,
				6E6B007F2F6176E700976D9F /* Release */,
			);
			defaultConfigurationIsVisible = 0;
			defaultConfigurationName = Release;
		};
		6E6B00802F6176E700976D9F /* Build configuration list for PBXNativeTarget "FlamDecodingHapticUITests" */ = {
			isa = XCConfigurationList;
			buildConfigurations = (
				6E6B00812F6176E700976D9F /* Debug */,
				6E6B00822F6176E700976D9F /* Release */,
			);
			defaultConfigurationIsVisible = 0;
			defaultConfigurationName = Release;
		};
/* End XCConfigurationList section */
	};
	rootObject = 6E6B00472F6176E600976D9F /* Project object */;
}
